[ai]
url = "https://github.com/hayride-dev/coven/releases/download/v0.0.37/hayride_ai_v0.0.37.tar.gz"
sha256 = "d39160263c21e78c5859d82caaa120fc72e564ac09e47396592a7744d637020c"
sha512 = "0f3e9f6e19fa8f906d82393dc71f1c593136ba74ff00e73fe9fede0b9332f2cd19335b30e66e3f017800d8883304132e7851f6fe7b57a5e43785f09a74a2ec12"
deps = ["io", "wasi-nn"]

[cli]
sha256 = "285865a31d777181b075f39e92bcfe59c89cd6bacce660be1b9a627646956258"
sha512 = "da2622210a9e3eea82b99f1a5b8a44ce5443d009cb943f7bca0bf9cf4360829b289913d7ee727c011f0f72994ea7dc8e661ebcc0a6b34b587297d80cd9b3f7e8"

[clocks]
sha256 = "468b4d12892fe926b8eb5d398dbf579d566c93231fa44f415440572c695b7613"
sha512 = "e6b53a07221f1413953c9797c68f08b815fdaebf66419bbc1ea3e8b7dece73731062693634731f311a03957b268cf9cc509c518bd15e513c318aa04a8459b93a"

[core]
url = "https://github.com/hayride-dev/coven/releases/download/v0.0.37/hayride_core_v0.0.37.tar.gz"
sha256 = "58d1147152bd3d3345a1838b52a361e610e07fad9af40defcea5b1397530dbc5"
sha512 = "1922383546aad9a857f4b002b1788f41cebcbb491c5f8481a89c53200d6a95eeae20fb3473f2d1eaf7050666c77e9efc9179eaf16548197e1d4006ccc6f1e965"

[filesystem]
sha256 = "498c465cfd04587db40f970fff2185daa597d074c20b68a8bcbae558f261499b"
sha512 = "ead452f9b7bfb88593a502ec00d76d4228003d51c40fd0408aebc32d35c94673551b00230d730873361567cc209ec218c41fb4e95bad194268592c49e7964347"

[hayride-http]
url = "https://github.com/hayride-dev/coven/releases/download/v0.0.37/hayride_http_v0.0.37.tar.gz"
sha256 = "8d07071472933e65c03e4681ed8376781982b001fc40b70fa919f9c8db03861c"
sha512 = "4ddc5c7f8bc23a5a78f44297854d3c4c71a58337d5853ede4cc076fe9251082ce5145073eb5502ade8a58944d6ac7e58cfe3574be3f9a0835a2e3ba377b27c9f"
deps = ["cli", "clocks", "filesystem", "http", "io", "random", "sockets"]

[http]
sha256 = "8f44402bde16c48e28c47dc53eab0b26af5b3b3482a1852cf77673e0880ba1c1"
sha512 = "760695f9a25c25bf75a25b731cb21c3bda9e288e450edda823324ecbc73d5d798bbb5de2edad999566980836f037463ee9e57d61789d04b3f3e381475b1a9a0f"

[io]
sha256 = "7210e5653539a15478f894d4da24cc69d61924cbcba21d2804d69314a88e5a4c"
sha512 = "49184a1b0945a889abd52d25271172ed3dc2db6968fcdddb1bab7ee0081f4a3eeee0977ad2291126a37631c0d86eeea75d822fa8af224c422134500bf9f0f2bb"

[random]
sha256 = "7371d03c037d924caba2587fb2e7c5773a0d3c5fcecbf7971e0e0ba57973c53d"
sha512 = "964c4e8925a53078e4d94ba907b54f89a0b7e154f46823a505391471466c17f53c8692682e5c85771712acd88b348686173fc07c53a3cfe3d301b8cd8ddd0de4"

[silo]
url = "https://github.com/hayride-dev/coven/releases/download/v0.0.37/hayride_silo_v0.0.37.tar.gz"
sha256 = "60e41611fec370be946b0d08900f08b6ac0c1cef9a5dfd7b33e8f48e6919a568"
sha512 = "1e668572ce4f863e31537a740ea7555ae8b285d68caec7d2a7ebb9fe02323bdda99635399cb763bfff64d383251e5a39628878d26a5be7b34dc3bdbfa0576ab8"

[socket]
url = "https://github.com/hayride-dev/coven/releases/download/v0.0.37/hayride_socket_v0.0.37.tar.gz"
sha256 = "1fc1cce4e1e770faa6cb836f60220361c12ed25428060a5e97c680164eae2dbb"
sha512 = "c38703f55744fc6634863826e40408fa494f3d7eb0d4cc74f46d0693e0b02e05794d42bdc67a8bdeb36ea1749123eba8301b6e82ed32d136d54b67f71bc29e62"
deps = ["io"]

[sockets]
sha256 = "622bd28bbeb43736375dc02bd003fd3a016ff8ee91e14bab488325c6b38bf966"
sha512 = "5a63c1f36de0c4548e1d2297bdbededb28721cbad94ef7825c469eae29d7451c97e00b4c1d6730ee1ec0c4a5aac922961a2795762d4a0c3bb54e30a391a84bae"

[wac]
url = "https://github.com/hayride-dev/coven/releases/download/v0.0.37/hayride_wac_v0.0.37.tar.gz"
sha256 = "9d80c72fa6710c57cb7d6c287cfd13fc1fb7cde16e887890a101e7bf943b72ca"
sha512 = "ba81d67767bf97150ef711ca61c870ba9b542af15d2cc5fb89dfb9fdae6366f53d0e862765b02de397a6a6c1f4e81ad31307025d6c3de70650eeed8996695bf4"

[wasi-nn]
sha256 = "84915550361306ea4c219ac3a3ca007f43fe1b96b52e6f85e88d794c8fea5509"
sha512 = "711dc0d2c10672cd59016ad2c41e0d8183dced28690a1dbd62a2946db85371da34d6283d82a11c5fdce72ac724b63e31f2e59cc1e2cd49e37cc6b024998362c3"

[wasip2]
url = "https://github.com/hayride-dev/coven/releases/download/v0.0.37/hayride_wasip2_v0.0.37.tar.gz"
sha256 = "136e4848b4fad776bad072ae1befebe9e8c05aba94489fb0401d753f796d9490"
sha512 = "9e4ff62ad37707b971281b399ccf81948b2144e059ecd13672f5a94fbaaf3af3ccb2b15a2c519baea0e66f3f6c3cf9108e6b87f9a078fe7ba97ff412bf46d8b7"
deps = ["cli", "clocks", "filesystem", "io", "random", "sockets"]
