[ai]
url = "https://github.com/hayride-dev/coven/releases/download/v0.0.51/hayride_ai_v0.0.51.tar.gz"
sha256 = "792b647b0c9b296977678a0f354159ccce72245c8ecc2ffb09f0a601733b57d2"
sha512 = "11a9faa553ff4a3bcb40a8c73a421e27ad66e51835d94f917ec6efb92021af4da0d66e65922e325a8ab972c1f0213182aeecc6736746397b99b9be3c8e64ad81"
deps = ["io", "wasi-nn"]

[cli]
sha256 = "285865a31d777181b075f39e92bcfe59c89cd6bacce660be1b9a627646956258"
sha512 = "da2622210a9e3eea82b99f1a5b8a44ce5443d009cb943f7bca0bf9cf4360829b289913d7ee727c011f0f72994ea7dc8e661ebcc0a6b34b587297d80cd9b3f7e8"

[clocks]
sha256 = "468b4d12892fe926b8eb5d398dbf579d566c93231fa44f415440572c695b7613"
sha512 = "e6b53a07221f1413953c9797c68f08b815fdaebf66419bbc1ea3e8b7dece73731062693634731f311a03957b268cf9cc509c518bd15e513c318aa04a8459b93a"

[core]
url = "https://github.com/hayride-dev/coven/releases/download/v0.0.51/hayride_core_v0.0.51.tar.gz"
sha256 = "9cfc10347597078c7cfbff6962e0d6d6a2d1fa804e85b502b49dcffb913c0fcc"
sha512 = "1992475dc712119e8d507ed0b8da34d015fd4f57b2e1e9e0eb14972ac6c74c1f5f127aea3c7a5e13d101fe13ef2264e8580130216024a2fa3aed88edd55521ee"
deps = ["io", "wasi-nn"]

[filesystem]
sha256 = "498c465cfd04587db40f970fff2185daa597d074c20b68a8bcbae558f261499b"
sha512 = "ead452f9b7bfb88593a502ec00d76d4228003d51c40fd0408aebc32d35c94673551b00230d730873361567cc209ec218c41fb4e95bad194268592c49e7964347"

[hayride-http]
url = "https://github.com/hayride-dev/coven/releases/download/v0.0.51/hayride_http_v0.0.51.tar.gz"
sha256 = "931c96b858143595ce585930a056d445bd63bb50e89acad67b53e0b41f693cdd"
sha512 = "d432ffe3706adda478871e778b457b79610626c8bf0df370e2f4e5c1dbabe6eae734dcc80e315768f47f398205e98ab503d90d6bcf54abc44a2d3a11044255b6"
deps = ["cli", "clocks", "filesystem", "http", "io", "random", "sockets"]

[http]
sha256 = "8f44402bde16c48e28c47dc53eab0b26af5b3b3482a1852cf77673e0880ba1c1"
sha512 = "760695f9a25c25bf75a25b731cb21c3bda9e288e450edda823324ecbc73d5d798bbb5de2edad999566980836f037463ee9e57d61789d04b3f3e381475b1a9a0f"

[io]
sha256 = "7210e5653539a15478f894d4da24cc69d61924cbcba21d2804d69314a88e5a4c"
sha512 = "49184a1b0945a889abd52d25271172ed3dc2db6968fcdddb1bab7ee0081f4a3eeee0977ad2291126a37631c0d86eeea75d822fa8af224c422134500bf9f0f2bb"

[random]
sha256 = "7371d03c037d924caba2587fb2e7c5773a0d3c5fcecbf7971e0e0ba57973c53d"
sha512 = "964c4e8925a53078e4d94ba907b54f89a0b7e154f46823a505391471466c17f53c8692682e5c85771712acd88b348686173fc07c53a3cfe3d301b8cd8ddd0de4"

[silo]
url = "https://github.com/hayride-dev/coven/releases/download/v0.0.51/hayride_silo_v0.0.51.tar.gz"
sha256 = "09e773335f492112f0a31e5c66cc9c2add30e6ea67a2c2e6a0bb95cac79c98b7"
sha512 = "e19429d82998169a22d95027b82299eb0a8179b7f9227b4819a48f52ccdd34f4f6f37f10abc12fa99d7c408b9f88cc720c625ca060d587a3ecb9319cb4098e71"

[socket]
url = "https://github.com/hayride-dev/coven/releases/download/v0.0.51/hayride_socket_v0.0.51.tar.gz"
sha256 = "3d71a8c82ac65251564e11a271ee665a9aadcf5c6ecb73409eed06c7f49bfc35"
sha512 = "584133125c89e3f1fb88f695e520e60a8ad71e4610faf594b3b89a7ae217c39db6c6a9dc658dcb4f6c6b94201d4c1d930e52554782f1e2f8a0bf9fa04ff6ad49"
deps = ["io"]

[sockets]
sha256 = "622bd28bbeb43736375dc02bd003fd3a016ff8ee91e14bab488325c6b38bf966"
sha512 = "5a63c1f36de0c4548e1d2297bdbededb28721cbad94ef7825c469eae29d7451c97e00b4c1d6730ee1ec0c4a5aac922961a2795762d4a0c3bb54e30a391a84bae"

[wac]
url = "https://github.com/hayride-dev/coven/releases/download/v0.0.51/hayride_wac_v0.0.51.tar.gz"
sha256 = "10305ac4b0d4034d974e7506eb247666ab87b72958b7390e6cf2118712b2185c"
sha512 = "65796554863996542cf5584b51d2b305b9fc5d86e74fa7435682ba525406387561c6bb1c030cfbba3b7223ff779fa1e47330d408fd2c70f5676ea34d0fcdb106"

[wasi-nn]
sha256 = "84915550361306ea4c219ac3a3ca007f43fe1b96b52e6f85e88d794c8fea5509"
sha512 = "711dc0d2c10672cd59016ad2c41e0d8183dced28690a1dbd62a2946db85371da34d6283d82a11c5fdce72ac724b63e31f2e59cc1e2cd49e37cc6b024998362c3"

[wasip2]
url = "https://github.com/hayride-dev/coven/releases/download/v0.0.51/hayride_wasip2_v0.0.51.tar.gz"
sha256 = "3e1de207f51eac93f4d133d595bfe42ff7707f991e4d94c7931d17dc1abd84be"
sha512 = "d1a43d4d5dbd19449e901f5775aef4e9c43aedbbb13c37febf5a9796c221a70eace56d0f114fc7f2cefd1075ad214a21263facf9e8887be059929d834238f4df"
deps = ["cli", "clocks", "filesystem", "io", "random", "sockets"]
